// !$*UTF8*$!
{
	archiveVersion = 1;
	classes = {
	};
	objectVersion = 46;
	objects = {

/* Begin PBXBuildFile section */
		0A455C5D201577EE006035C3 /* AppDelegate.swift in Sources */ = {isa = PBXBuildFile; fileRef = 0A455C5C201577EE006035C3 /* AppDelegate.swift */; };
		0A455C5F201577EE006035C3 /* ViewController.swift in Sources */ = {isa = PBXBuildFile; fileRef = 0A455C5E201577EE006035C3 /* ViewController.swift */; };
		0A455C62201577EE006035C3 /* Main.storyboard in Resources */ = {isa = PBXBuildFile; fileRef = 0A455C60201577EE006035C3 /* Main.storyboard */; };
		0A455C64201577EE006035C3 /* Assets.xcassets in Resources */ = {isa = PBXBuildFile; fileRef = 0A455C63201577EE006035C3 /* Assets.xcassets */; };
		0A455C67201577EE006035C3 /* LaunchScreen.storyboard in Resources */ = {isa = PBXBuildFile; fileRef = 0A455C65201577EE006035C3 /* LaunchScreen.storyboard */; };
		0A4984672015788E0010759E /* ClockFace.swift in Sources */ = {isa = PBXBuildFile; fileRef = 0A4984662015788E0010759E /* ClockFace.swift */; };
		0A498469201578A10010759E /* ClockFace.xib in Resources */ = {isa = PBXBuildFile; fileRef = 0A498468201578A10010759E /* ClockFace.xib */; };
		4B21F2881E771EBB00860FD0 /* PeripheralController.m in Sources */ = {isa = PBXBuildFile; fileRef = 4B21F2871E771EBB00860FD0 /* PeripheralController.m */; };
		4B90A0B91E7717C700B343BB /* main.m in Sources */ = {isa = PBXBuildFile; fileRef = 4B90A0B81E7717C700B343BB /* main.m */; };
		4B90A0BC1E7717C700B343BB /* AppDelegate.m in Sources */ = {isa = PBXBuildFile; fileRef = 4B90A0BB1E7717C700B343BB /* AppDelegate.m */; };
		4B90A0CE1E77188200B343BB /* CentralController.m in Sources */ = {isa = PBXBuildFile; fileRef = 4B90A0CD1E77188200B343BB /* CentralController.m */; };
		4BBEAF291E709091001C5A0B /* AppDelegate.swift in Sources */ = {isa = PBXBuildFile; fileRef = 4BBEAF281E709091001C5A0B /* AppDelegate.swift */; };
		4BBEAF2B1E709091001C5A0B /* ViewController.swift in Sources */ = {isa = PBXBuildFile; fileRef = 4BBEAF2A1E709091001C5A0B /* ViewController.swift */; };
		4BBEAF391E709166001C5A0B /* RoundShadowButton.swift in Sources */ = {isa = PBXBuildFile; fileRef = 4BBEAF381E709166001C5A0B /* RoundShadowButton.swift */; };
		4BF7CC041F1327190082946D /* AppDelegate.swift in Sources */ = {isa = PBXBuildFile; fileRef = 4BF7CC031F1327190082946D /* AppDelegate.swift */; };
		4BF7CC061F1327190082946D /* ViewController.swift in Sources */ = {isa = PBXBuildFile; fileRef = 4BF7CC051F1327190082946D /* ViewController.swift */; };
		4BF7CC151F1328010082946D /* TimerView.swift in Sources */ = {isa = PBXBuildFile; fileRef = 4BF7CC141F1328010082946D /* TimerView.swift */; };
		4BF7CC171F1328100082946D /* TimerView.xib in Resources */ = {isa = PBXBuildFile; fileRef = 4BF7CC161F1328100082946D /* TimerView.xib */; };
		4BF7CC1A1F132A2B0082946D /* clock.png in Resources */ = {isa = PBXBuildFile; fileRef = 4BF7CC181F132A2B0082946D /* clock.png */; };
		4BF7CC1B1F132A2B0082946D /* needle.png in Resources */ = {isa = PBXBuildFile; fileRef = 4BF7CC191F132A2B0082946D /* needle.png */; };
		4BF7CC1D1F133D600082946D /* Launch Screen.storyboard in Resources */ = {isa = PBXBuildFile; fileRef = 4BF7CC1C1F133D600082946D /* Launch Screen.storyboard */; };
		4BF7CC1E1F133D600082946D /* Launch Screen.storyboard in Resources */ = {isa = PBXBuildFile; fileRef = 4BF7CC1C1F133D600082946D /* Launch Screen.storyboard */; };
		4BF7CC1F1F133D600082946D /* Launch Screen.storyboard in Resources */ = {isa = PBXBuildFile; fileRef = 4BF7CC1C1F133D600082946D /* Launch Screen.storyboard */; };
		4BF7CC211F13906E0082946D /* image.png in Resources */ = {isa = PBXBuildFile; fileRef = 4BF7CC201F13906E0082946D /* image.png */; };
		4BF7CC231F1391590082946D /* Main.storyboard in Resources */ = {isa = PBXBuildFile; fileRef = 4BF7CC221F1391590082946D /* Main.storyboard */; };
		4BF7CC251F1391A60082946D /* Main.storyboard in Resources */ = {isa = PBXBuildFile; fileRef = 4BF7CC241F1391A60082946D /* Main.storyboard */; };
/* End PBXBuildFile section */

/* Begin PBXFileReference section */
		0A455C5A201577EE006035C3 /* SpinClock.app */ = {isa = PBXFileReference; explicitFileType = wrapper.application; includeInIndex = 0; path = SpinClock.app; sourceTree = BUILT_PRODUCTS_DIR; };
		0A455C5C201577EE006035C3 /* AppDelegate.swift */ = {isa = PBXFileReference; lastKnownFileType = sourcecode.swift; path = AppDelegate.swift; sourceTree = "<group>"; };
		0A455C5E201577EE006035C3 /* ViewController.swift */ = {isa = PBXFileReference; lastKnownFileType = sourcecode.swift; path = ViewController.swift; sourceTree = "<group>"; };
		0A455C61201577EE006035C3 /* Base */ = {isa = PBXFileReference; lastKnownFileType = file.storyboard; name = Base; path = Base.lproj/Main.storyboard; sourceTree = "<group>"; };
		0A455C63201577EE006035C3 /* Assets.xcassets */ = {isa = PBXFileReference; lastKnownFileType = folder.assetcatalog; path = Assets.xcassets; sourceTree = "<group>"; };
		0A455C66201577EE006035C3 /* Base */ = {isa = PBXFileReference; lastKnownFileType = file.storyboard; name = Base; path = Base.lproj/LaunchScreen.storyboard; sourceTree = "<group>"; };
		0A455C68201577EE006035C3 /* Info.plist */ = {isa = PBXFileReference; lastKnownFileType = text.plist.xml; path = Info.plist; sourceTree = "<group>"; };
		0A4984662015788E0010759E /* ClockFace.swift */ = {isa = PBXFileReference; fileEncoding = 4; lastKnownFileType = sourcecode.swift; name = ClockFace.swift; path = ../../../Class/SpinClock/ClockFace.swift; sourceTree = "<group>"; };
		0A498468201578A10010759E /* ClockFace.xib */ = {isa = PBXFileReference; fileEncoding = 4; lastKnownFileType = file.xib; name = ClockFace.xib; path = ../../../Class/SpinClock/ClockFace.xib; sourceTree = "<group>"; };
		4B21F2861E771EBB00860FD0 /* PeripheralController.h */ = {isa = PBXFileReference; fileEncoding = 4; lastKnownFileType = sourcecode.c.h; path = PeripheralController.h; sourceTree = "<group>"; };
		4B21F2871E771EBB00860FD0 /* PeripheralController.m */ = {isa = PBXFileReference; fileEncoding = 4; lastKnownFileType = sourcecode.c.objc; path = PeripheralController.m; sourceTree = "<group>"; };
		4B90A0B51E7717C700B343BB /* CBImage.app */ = {isa = PBXFileReference; explicitFileType = wrapper.application; includeInIndex = 0; path = CBImage.app; sourceTree = BUILT_PRODUCTS_DIR; };
		4B90A0B81E7717C700B343BB /* main.m */ = {isa = PBXFileReference; lastKnownFileType = sourcecode.c.objc; path = main.m; sourceTree = "<group>"; };
		4B90A0BA1E7717C700B343BB /* AppDelegate.h */ = {isa = PBXFileReference; lastKnownFileType = sourcecode.c.h; path = AppDelegate.h; sourceTree = "<group>"; };
		4B90A0BB1E7717C700B343BB /* AppDelegate.m */ = {isa = PBXFileReference; lastKnownFileType = sourcecode.c.objc; path = AppDelegate.m; sourceTree = "<group>"; };
		4B90A0C81E7717C700B343BB /* Info.plist */ = {isa = PBXFileReference; lastKnownFileType = text.plist.xml; path = Info.plist; sourceTree = "<group>"; };
		4B90A0CC1E77188200B343BB /* CentralController.h */ = {isa = PBXFileReference; fileEncoding = 4; lastKnownFileType = sourcecode.c.h; path = CentralController.h; sourceTree = "<group>"; };
		4B90A0CD1E77188200B343BB /* CentralController.m */ = {isa = PBXFileReference; fileEncoding = 4; lastKnownFileType = sourcecode.c.objc; path = CentralController.m; sourceTree = "<group>"; };
		4BBEAF261E709091001C5A0B /* RoundShadowButton.app */ = {isa = PBXFileReference; explicitFileType = wrapper.application; includeInIndex = 0; path = RoundShadowButton.app; sourceTree = BUILT_PRODUCTS_DIR; };
		4BBEAF281E709091001C5A0B /* AppDelegate.swift */ = {isa = PBXFileReference; lastKnownFileType = sourcecode.swift; path = AppDelegate.swift; sourceTree = "<group>"; };
		4BBEAF2A1E709091001C5A0B /* ViewController.swift */ = {isa = PBXFileReference; lastKnownFileType = sourcecode.swift; path = ViewController.swift; sourceTree = "<group>"; };
		4BBEAF341E709091001C5A0B /* Info.plist */ = {isa = PBXFileReference; lastKnownFileType = text.plist.xml; path = Info.plist; sourceTree = "<group>"; };
		4BBEAF381E709166001C5A0B /* RoundShadowButton.swift */ = {isa = PBXFileReference; fileEncoding = 4; lastKnownFileType = sourcecode.swift; name = RoundShadowButton.swift; path = ../../Class/RoundShadowButton.swift; sourceTree = "<group>"; };
		4BF7CC011F1327190082946D /* AnimateTimer.app */ = {isa = PBXFileReference; explicitFileType = wrapper.application; includeInIndex = 0; path = AnimateTimer.app; sourceTree = BUILT_PRODUCTS_DIR; };
		4BF7CC031F1327190082946D /* AppDelegate.swift */ = {isa = PBXFileReference; lastKnownFileType = sourcecode.swift; path = AppDelegate.swift; sourceTree = "<group>"; };
		4BF7CC051F1327190082946D /* ViewController.swift */ = {isa = PBXFileReference; lastKnownFileType = sourcecode.swift; path = ViewController.swift; sourceTree = "<group>"; };
		4BF7CC0F1F1327190082946D /* Info.plist */ = {isa = PBXFileReference; lastKnownFileType = text.plist.xml; path = Info.plist; sourceTree = "<group>"; };
		4BF7CC141F1328010082946D /* TimerView.swift */ = {isa = PBXFileReference; fileEncoding = 4; lastKnownFileType = sourcecode.swift; path = TimerView.swift; sourceTree = "<group>"; };
		4BF7CC161F1328100082946D /* TimerView.xib */ = {isa = PBXFileReference; fileEncoding = 4; lastKnownFileType = file.xib; path = TimerView.xib; sourceTree = "<group>"; };
		4BF7CC181F132A2B0082946D /* clock.png */ = {isa = PBXFileReference; lastKnownFileType = image.png; path = clock.png; sourceTree = "<group>"; };
		4BF7CC191F132A2B0082946D /* needle.png */ = {isa = PBXFileReference; lastKnownFileType = image.png; path = needle.png; sourceTree = "<group>"; };
		4BF7CC1C1F133D600082946D /* Launch Screen.storyboard */ = {isa = PBXFileReference; fileEncoding = 4; lastKnownFileType = file.storyboard; path = "Launch Screen.storyboard"; sourceTree = "<group>"; };
		4BF7CC201F13906E0082946D /* image.png */ = {isa = PBXFileReference; lastKnownFileType = image.png; path = image.png; sourceTree = "<group>"; };
		4BF7CC221F1391590082946D /* Main.storyboard */ = {isa = PBXFileReference; fileEncoding = 4; lastKnownFileType = file.storyboard; path = Main.storyboard; sourceTree = "<group>"; };
		4BF7CC241F1391A60082946D /* Main.storyboard */ = {isa = PBXFileReference; fileEncoding = 4; lastKnownFileType = file.storyboard; path = Main.storyboard; sourceTree = "<group>"; };
/* End PBXFileReference section */

/* Begin PBXFrameworksBuildPhase section */
		0A455C57201577EE006035C3 /* Frameworks */ = {
			isa = PBXFrameworksBuildPhase;
			buildActionMask = 2147483647;
			files = (
			);
			runOnlyForDeploymentPostprocessing = 0;
		};
		4B90A0B21E7717C700B343BB /* Frameworks */ = {
			isa = PBXFrameworksBuildPhase;
			buildActionMask = 2147483647;
			files = (
			);
			runOnlyForDeploymentPostprocessing = 0;
		};
		4BBEAF231E709091001C5A0B /* Frameworks */ = {
			isa = PBXFrameworksBuildPhase;
			buildActionMask = 2147483647;
			files = (
			);
			runOnlyForDeploymentPostprocessing = 0;
		};
		4BF7CBFE1F1327190082946D /* Frameworks */ = {
			isa = PBXFrameworksBuildPhase;
			buildActionMask = 2147483647;
			files = (
			);
			runOnlyForDeploymentPostprocessing = 0;
		};
/* End PBXFrameworksBuildPhase section */

/* Begin PBXGroup section */
		0A455C5B201577EE006035C3 /* SpinClock */ = {
			isa = PBXGroup;
			children = (
				0A455C6C2015780F006035C3 /* SpinClock */,
				0A455C5C201577EE006035C3 /* AppDelegate.swift */,
				0A455C5E201577EE006035C3 /* ViewController.swift */,
				0A455C60201577EE006035C3 /* Main.storyboard */,
				0A455C63201577EE006035C3 /* Assets.xcassets */,
				0A455C65201577EE006035C3 /* LaunchScreen.storyboard */,
				0A455C68201577EE006035C3 /* Info.plist */,
			);
			path = SpinClock;
			sourceTree = "<group>";
		};
		0A455C6C2015780F006035C3 /* SpinClock */ = {
			isa = PBXGroup;
			children = (
				0A4984662015788E0010759E /* ClockFace.swift */,
				0A498468201578A10010759E /* ClockFace.xib */,
			);
			path = SpinClock;
			sourceTree = "<group>";
		};
		4B90A0B61E7717C700B343BB /* CBImage */ = {
			isa = PBXGroup;
			children = (
				4B90A0BA1E7717C700B343BB /* AppDelegate.h */,
				4B90A0BB1E7717C700B343BB /* AppDelegate.m */,
				4B90A0CC1E77188200B343BB /* CentralController.h */,
				4B90A0CD1E77188200B343BB /* CentralController.m */,
				4B21F2861E771EBB00860FD0 /* PeripheralController.h */,
				4B21F2871E771EBB00860FD0 /* PeripheralController.m */,
				4B90A0C81E7717C700B343BB /* Info.plist */,
				4BF7CC241F1391A60082946D /* Main.storyboard */,
				4B90A0B71E7717C700B343BB /* Supporting Files */,
			);
			path = CBImage;
			sourceTree = "<group>";
		};
		4B90A0B71E7717C700B343BB /* Supporting Files */ = {
			isa = PBXGroup;
			children = (
				4BF7CC201F13906E0082946D /* image.png */,
				4B90A0B81E7717C700B343BB /* main.m */,
			);
			name = "Supporting Files";
			sourceTree = "<group>";
		};
		4BBEAED81E708FAC001C5A0B = {
			isa = PBXGroup;
			children = (
				4BF7CC1C1F133D600082946D /* Launch Screen.storyboard */,
				4BBEAF271E709091001C5A0B /* RoundShadowButton */,
				4B90A0B61E7717C700B343BB /* CBImage */,
				4BF7CC021F1327190082946D /* AnimateTimer */,
				0A455C5B201577EE006035C3 /* SpinClock */,
				4BBEAEE21E708FAC001C5A0B /* Products */,
			);
			sourceTree = "<group>";
		};
		4BBEAEE21E708FAC001C5A0B /* Products */ = {
			isa = PBXGroup;
			children = (
				4BBEAF261E709091001C5A0B /* RoundShadowButton.app */,
				4B90A0B51E7717C700B343BB /* CBImage.app */,
				4BF7CC011F1327190082946D /* AnimateTimer.app */,
				0A455C5A201577EE006035C3 /* SpinClock.app */,
			);
			name = Products;
			sourceTree = "<group>";
		};
		4BBEAF271E709091001C5A0B /* RoundShadowButton */ = {
			isa = PBXGroup;
			children = (
				4BBEAF281E709091001C5A0B /* AppDelegate.swift */,
				4BBEAF2A1E709091001C5A0B /* ViewController.swift */,
				4BBEAF341E709091001C5A0B /* Info.plist */,
				4BBEAF381E709166001C5A0B /* RoundShadowButton.swift */,
				4BF7CC221F1391590082946D /* Main.storyboard */,
			);
			path = RoundShadowButton;
			sourceTree = "<group>";
		};
		4BF7CC021F1327190082946D /* AnimateTimer */ = {
			isa = PBXGroup;
			children = (
				4BF7CC131F1327D50082946D /* AnimateTimer */,
				4BF7CC031F1327190082946D /* AppDelegate.swift */,
				4BF7CC051F1327190082946D /* ViewController.swift */,
				4BF7CC0F1F1327190082946D /* Info.plist */,
			);
			path = AnimateTimer;
			sourceTree = "<group>";
		};
		4BF7CC131F1327D50082946D /* AnimateTimer */ = {
			isa = PBXGroup;
			children = (
				4BF7CC181F132A2B0082946D /* clock.png */,
				4BF7CC191F132A2B0082946D /* needle.png */,
				4BF7CC141F1328010082946D /* TimerView.swift */,
				4BF7CC161F1328100082946D /* TimerView.xib */,
			);
			name = AnimateTimer;
			path = ../../Class/AnimateTimer;
			sourceTree = "<group>";
		};
/* End PBXGroup section */

/* Begin PBXNativeTarget section */
		0A455C59201577EE006035C3 /* SpinClock */ = {
			isa = PBXNativeTarget;
			buildConfigurationList = 0A455C6B201577EE006035C3 /* Build configuration list for PBXNativeTarget "SpinClock" */;
			buildPhases = (
				0A455C56201577EE006035C3 /* Sources */,
				0A455C57201577EE006035C3 /* Frameworks */,
				0A455C58201577EE006035C3 /* Resources */,
			);
			buildRules = (
			);
			dependencies = (
			);
			name = SpinClock;
			productName = SpinClock;
			productReference = 0A455C5A201577EE006035C3 /* SpinClock.app */;
			productType = "com.apple.product-type.application";
		};
		4B90A0B41E7717C700B343BB /* CBImage */ = {
			isa = PBXNativeTarget;
			buildConfigurationList = 4B90A0CB1E7717C700B343BB /* Build configuration list for PBXNativeTarget "CBImage" */;
			buildPhases = (
				4B90A0B11E7717C700B343BB /* Sources */,
				4B90A0B21E7717C700B343BB /* Frameworks */,
				4B90A0B31E7717C700B343BB /* Resources */,
			);
			buildRules = (
			);
			dependencies = (
			);
			name = CBImage;
			productName = CBImage;
			productReference = 4B90A0B51E7717C700B343BB /* CBImage.app */;
			productType = "com.apple.product-type.application";
		};
		4BBEAF251E709091001C5A0B /* RoundShadowButton */ = {
			isa = PBXNativeTarget;
			buildConfigurationList = 4BBEAF351E709091001C5A0B /* Build configuration list for PBXNativeTarget "RoundShadowButton" */;
			buildPhases = (
				4BBEAF221E709091001C5A0B /* Sources */,
				4BBEAF231E709091001C5A0B /* Frameworks */,
				4BBEAF241E709091001C5A0B /* Resources */,
			);
			buildRules = (
			);
			dependencies = (
			);
			name = RoundShadowButton;
			productName = RoundShadowButton;
			productReference = 4BBEAF261E709091001C5A0B /* RoundShadowButton.app */;
			productType = "com.apple.product-type.application";
		};
		4BF7CC001F1327190082946D /* AnimateTimer */ = {
			isa = PBXNativeTarget;
			buildConfigurationList = 4BF7CC101F1327190082946D /* Build configuration list for PBXNativeTarget "AnimateTimer" */;
			buildPhases = (
				4BF7CBFD1F1327190082946D /* Sources */,
				4BF7CBFE1F1327190082946D /* Frameworks */,
				4BF7CBFF1F1327190082946D /* Resources */,
			);
			buildRules = (
			);
			dependencies = (
			);
			name = AnimateTimer;
			productName = AnimateTimer;
			productReference = 4BF7CC011F1327190082946D /* AnimateTimer.app */;
			productType = "com.apple.product-type.application";
		};
/* End PBXNativeTarget section */

/* Begin PBXProject section */
		4BBEAED91E708FAC001C5A0B /* Project object */ = {
			isa = PBXProject;
			attributes = {
				LastSwiftUpdateCheck = 0920;
				LastUpgradeCheck = 0820;
				ORGANIZATIONNAME = "Kevin Sum";
				TargetAttributes = {
					0A455C59201577EE006035C3 = {
						CreatedOnToolsVersion = 9.2;
						DevelopmentTeam = FLM97C8HT8;
						ProvisioningStyle = Automatic;
					};
					4B90A0B41E7717C700B343BB = {
						CreatedOnToolsVersion = 8.2.1;
						DevelopmentTeam = FLM97C8HT8;
						ProvisioningStyle = Automatic;
					};
					4BBEAF251E709091001C5A0B = {
						CreatedOnToolsVersion = 8.2.1;
						DevelopmentTeam = FLM97C8HT8;
						ProvisioningStyle = Automatic;
					};
					4BF7CC001F1327190082946D = {
						CreatedOnToolsVersion = 8.3.3;
						DevelopmentTeam = L83GZJQVEH;
						ProvisioningStyle = Automatic;
					};
				};
			};
			buildConfigurationList = 4BBEAEDC1E708FAC001C5A0B /* Build configuration list for PBXProject "Demo" */;
			compatibilityVersion = "Xcode 3.2";
			developmentRegion = English;
			hasScannedForEncodings = 0;
			knownRegions = (
				en,
				Base,
			);
			mainGroup = 4BBEAED81E708FAC001C5A0B;
			productRefGroup = 4BBEAEE21E708FAC001C5A0B /* Products */;
			projectDirPath = "";
			projectRoot = "";
			targets = (
				4BBEAF251E709091001C5A0B /* RoundShadowButton */,
				4B90A0B41E7717C700B343BB /* CBImage */,
				4BF7CC001F1327190082946D /* AnimateTimer */,
				0A455C59201577EE006035C3 /* SpinClock */,
			);
		};
/* End PBXProject section */

/* Begin PBXResourcesBuildPhase section */
		0A455C58201577EE006035C3 /* Resources */ = {
			isa = PBXResourcesBuildPhase;
			buildActionMask = 2147483647;
			files = (
				0A455C67201577EE006035C3 /* LaunchScreen.storyboard in Resources */,
				0A498469201578A10010759E /* ClockFace.xib in Resources */,
				0A455C64201577EE006035C3 /* Assets.xcassets in Resources */,
				0A455C62201577EE006035C3 /* Main.storyboard in Resources */,
			);
			runOnlyForDeploymentPostprocessing = 0;
		};
		4B90A0B31E7717C700B343BB /* Resources */ = {
			isa = PBXResourcesBuildPhase;
			buildActionMask = 2147483647;
			files = (
				4BF7CC251F1391A60082946D /* Main.storyboard in Resources */,
				4BF7CC1E1F133D600082946D /* Launch Screen.storyboard in Resources */,
				4BF7CC211F13906E0082946D /* image.png in Resources */,
			);
			runOnlyForDeploymentPostprocessing = 0;
		};
		4BBEAF241E709091001C5A0B /* Resources */ = {
			isa = PBXResourcesBuildPhase;
			buildActionMask = 2147483647;
			files = (
				4BF7CC1D1F133D600082946D /* Launch Screen.storyboard in Resources */,
				4BF7CC231F1391590082946D /* Main.storyboard in Resources */,
			);
			runOnlyForDeploymentPostprocessing = 0;
		};
		4BF7CBFF1F1327190082946D /* Resources */ = {
			isa = PBXResourcesBuildPhase;
			buildActionMask = 2147483647;
			files = (
				4BF7CC1B1F132A2B0082946D /* needle.png in Resources */,
				4BF7CC1A1F132A2B0082946D /* clock.png in Resources */,
				4BF7CC1F1F133D600082946D /* Launch Screen.storyboard in Resources */,
				4BF7CC171F1328100082946D /* TimerView.xib in Resources */,
			);
			runOnlyForDeploymentPostprocessing = 0;
		};
/* End PBXResourcesBuildPhase section */

/* Begin PBXSourcesBuildPhase section */
		0A455C56201577EE006035C3 /* Sources */ = {
			isa = PBXSourcesBuildPhase;
			buildActionMask = 2147483647;
			files = (
				0A455C5F201577EE006035C3 /* ViewController.swift in Sources */,
				0A4984672015788E0010759E /* ClockFace.swift in Sources */,
				0A455C5D201577EE006035C3 /* AppDelegate.swift in Sources */,
			);
			runOnlyForDeploymentPostprocessing = 0;
		};
		4B90A0B11E7717C700B343BB /* Sources */ = {
			isa = PBXSourcesBuildPhase;
			buildActionMask = 2147483647;
			files = (
				4B90A0BC1E7717C700B343BB /* AppDelegate.m in Sources */,
				4B90A0B91E7717C700B343BB /* main.m in Sources */,
				4B21F2881E771EBB00860FD0 /* PeripheralController.m in Sources */,
				4B90A0CE1E77188200B343BB /* CentralController.m in Sources */,
			);
			runOnlyForDeploymentPostprocessing = 0;
		};
		4BBEAF221E709091001C5A0B /* Sources */ = {
			isa = PBXSourcesBuildPhase;
			buildActionMask = 2147483647;
			files = (
				4BBEAF391E709166001C5A0B /* RoundShadowButton.swift in Sources */,
				4BBEAF2B1E709091001C5A0B /* ViewController.swift in Sources */,
				4BBEAF291E709091001C5A0B /* AppDelegate.swift in Sources */,
			);
			runOnlyForDeploymentPostprocessing = 0;
		};
		4BF7CBFD1F1327190082946D /* Sources */ = {
			isa = PBXSourcesBuildPhase;
			buildActionMask = 2147483647;
			files = (
				4BF7CC151F1328010082946D /* TimerView.swift in Sources */,
				4BF7CC061F1327190082946D /* ViewController.swift in Sources */,
				4BF7CC041F1327190082946D /* AppDelegate.swift in Sources */,
			);
			runOnlyForDeploymentPostprocessing = 0;
		};
/* End PBXSourcesBuildPhase section */

/* Begin PBXVariantGroup section */
		0A455C60201577EE006035C3 /* Main.storyboard */ = {
			isa = PBXVariantGroup;
			children = (
				0A455C61201577EE006035C3 /* Base */,
			);
			name = Main.storyboard;
			sourceTree = "<group>";
		};
		0A455C65201577EE006035C3 /* LaunchScreen.storyboard */ = {
			isa = PBXVariantGroup;
			children = (
				0A455C66201577EE006035C3 /* Base */,
			);
			name = LaunchScreen.storyboard;
			sourceTree = "<group>";
		};
/* End PBXVariantGroup section */

/* Begin XCBuildConfiguration section */
		0A455C69201577EE006035C3 /* Debug */ = {
			isa = XCBuildConfiguration;
			buildSettings = {
				ASSETCATALOG_COMPILER_APPICON_NAME = AppIcon;
				CLANG_ANALYZER_NUMBER_OBJECT_CONVERSION = YES_AGGRESSIVE;
				CLANG_CXX_LANGUAGE_STANDARD = "gnu++14";
				CLANG_WARN_BLOCK_CAPTURE_AUTORELEASING = YES;
				CLANG_WARN_COMMA = YES;
				CLANG_WARN_NON_LITERAL_NULL_CONVERSION = YES;
				CLANG_WARN_OBJC_LITERAL_CONVERSION = YES;
				CLANG_WARN_RANGE_LOOP_ANALYSIS = YES;
				CLANG_WARN_STRICT_PROTOTYPES = YES;
				CLANG_WARN_UNGUARDED_AVAILABILITY = YES_AGGRESSIVE;
				CODE_SIGN_IDENTITY = "iPhone Developer";
				CODE_SIGN_STYLE = Automatic;
				DEVELOPMENT_TEAM = FLM97C8HT8;
				GCC_C_LANGUAGE_STANDARD = gnu11;
				INFOPLIST_FILE = SpinClock/Info.plist;
				IPHONEOS_DEPLOYMENT_TARGET = 11.2;
				LD_RUNPATH_SEARCH_PATHS = "$(inherited) @executable_path/Frameworks";
				PRODUCT_BUNDLE_IDENTIFIER = com.kevinsum.SpinClock;
				PRODUCT_NAME = "$(TARGET_NAME)";
				SWIFT_VERSION = 4.0;
				TARGETED_DEVICE_FAMILY = "1,2";
			};
			name = Debug;
		};
		0A455C6A201577EE006035C3 /* Release */ = {
			isa = XCBuildConfiguration;
			buildSettings = {
				ASSETCATALOG_COMPILER_APPICON_NAME = AppIcon;
				CLANG_ANALYZER_NUMBER_OBJECT_CONVERSION = YES_AGGRESSIVE;
				CLANG_CXX_LANGUAGE_STANDARD = "gnu++14";
				CLANG_WARN_BLOCK_CAPTURE_AUTORELEASING = YES;
				CLANG_WARN_COMMA = YES;
				CLANG_WARN_NON_LITERAL_NULL_CONVERSION = YES;
				CLANG_WARN_OBJC_LITERAL_CONVERSION = YES;
				CLANG_WARN_RANGE_LOOP_ANALYSIS = YES;
				CLANG_WARN_STRICT_PROTOTYPES = YES;
				CLANG_WARN_UNGUARDED_AVAILABILITY = YES_AGGRESSIVE;
				CODE_SIGN_IDENTITY = "iPhone Developer";
				CODE_SIGN_STYLE = Automatic;
				DEVELOPMENT_TEAM = FLM97C8HT8;
				GCC_C_LANGUAGE_STANDARD = gnu11;
				INFOPLIST_FILE = SpinClock/Info.plist;
				IPHONEOS_DEPLOYMENT_TARGET = 11.2;
				LD_RUNPATH_SEARCH_PATHS = "$(inherited) @executable_path/Frameworks";
				PRODUCT_BUNDLE_IDENTIFIER = com.kevinsum.SpinClock;
				PRODUCT_NAME = "$(TARGET_NAME)";
				SWIFT_VERSION = 4.0;
				TARGETED_DEVICE_FAMILY = "1,2";
			};
			name = Release;
		};
		4B90A0C91E7717C700B343BB /* Debug */ = {
			isa = XCBuildConfiguration;
			buildSettings = {
				DEVELOPMENT_TEAM = FLM97C8HT8;
				INFOPLIST_FILE = CBImage/Info.plist;
				LD_RUNPATH_SEARCH_PATHS = "$(inherited) @executable_path/Frameworks";
				PRODUCT_BUNDLE_IDENTIFIER = com.kevinsum.demo.CBImage;
				PRODUCT_NAME = "$(TARGET_NAME)";
			};
			name = Debug;
		};
		4B90A0CA1E7717C700B343BB /* Release */ = {
			isa = XCBuildConfiguration;
			buildSettings = {
				DEVELOPMENT_TEAM = FLM97C8HT8;
				INFOPLIST_FILE = CBImage/Info.plist;
				LD_RUNPATH_SEARCH_PATHS = "$(inherited) @executable_path/Frameworks";
				PRODUCT_BUNDLE_IDENTIFIER = com.kevinsum.demo.CBImage;
				PRODUCT_NAME = "$(TARGET_NAME)";
			};
			name = Release;
		};
		4BBEAEF11E708FAC001C5A0B /* Debug */ = {
			isa = XCBuildConfiguration;
			buildSettings = {
				ALWAYS_SEARCH_USER_PATHS = NO;
				CLANG_ANALYZER_NONNULL = YES;
				CLANG_CXX_LANGUAGE_STANDARD = "gnu++0x";
				CLANG_CXX_LIBRARY = "libc++";
				CLANG_ENABLE_MODULES = YES;
				CLANG_ENABLE_OBJC_ARC = YES;
				CLANG_WARN_BOOL_CONVERSION = YES;
				CLANG_WARN_CONSTANT_CONVERSION = YES;
				CLANG_WARN_DIRECT_OBJC_ISA_USAGE = YES_ERROR;
				CLANG_WARN_DOCUMENTATION_COMMENTS = YES;
				CLANG_WARN_EMPTY_BODY = YES;
				CLANG_WARN_ENUM_CONVERSION = YES;
				CLANG_WARN_INFINITE_RECURSION = YES;
				CLANG_WARN_INT_CONVERSION = YES;
				CLANG_WARN_OBJC_ROOT_CLASS = YES_ERROR;
				CLANG_WARN_SUSPICIOUS_MOVE = YES;
				CLANG_WARN_UNREACHABLE_CODE = YES;
				CLANG_WARN__DUPLICATE_METHOD_MATCH = YES;
				"CODE_SIGN_IDENTITY[sdk=iphoneos*]" = "iPhone Developer";
				COPY_PHASE_STRIP = NO;
				DEBUG_INFORMATION_FORMAT = dwarf;
				ENABLE_STRICT_OBJC_MSGSEND = YES;
				ENABLE_TESTABILITY = YES;
				GCC_C_LANGUAGE_STANDARD = gnu99;
				GCC_DYNAMIC_NO_PIC = NO;
				GCC_NO_COMMON_BLOCKS = YES;
				GCC_OPTIMIZATION_LEVEL = 0;
				GCC_PREPROCESSOR_DEFINITIONS = (
					"DEBUG=1",
					"$(inherited)",
				);
				GCC_WARN_64_TO_32_BIT_CONVERSION = YES;
				GCC_WARN_ABOUT_RETURN_TYPE = YES_ERROR;
				GCC_WARN_UNDECLARED_SELECTOR = YES;
				GCC_WARN_UNINITIALIZED_AUTOS = YES_AGGRESSIVE;
				GCC_WARN_UNUSED_FUNCTION = YES;
				GCC_WARN_UNUSED_VARIABLE = YES;
				IPHONEOS_DEPLOYMENT_TARGET = 10.2;
				MTL_ENABLE_DEBUG_INFO = YES;
				ONLY_ACTIVE_ARCH = YES;
				SDKROOT = iphoneos;
				SWIFT_ACTIVE_COMPILATION_CONDITIONS = DEBUG;
				SWIFT_OPTIMIZATION_LEVEL = "-Onone";
				TARGETED_DEVICE_FAMILY = "1,2";
			};
			name = Debug;
		};
		4BBEAEF21E708FAC001C5A0B /* Release */ = {
			isa = XCBuildConfiguration;
			buildSettings = {
				ALWAYS_SEARCH_USER_PATHS = NO;
				CLANG_ANALYZER_NONNULL = YES;
				CLANG_CXX_LANGUAGE_STANDARD = "gnu++0x";
				CLANG_CXX_LIBRARY = "libc++";
				CLANG_ENABLE_MODULES = YES;
				CLANG_ENABLE_OBJC_ARC = YES;
				CLANG_WARN_BOOL_CONVERSION = YES;
				CLANG_WARN_CONSTANT_CONVERSION = YES;
				CLANG_WARN_DIRECT_OBJC_ISA_USAGE = YES_ERROR;
				CLANG_WARN_DOCUMENTATION_COMMENTS = YES;
				CLANG_WARN_EMPTY_BODY = YES;
				CLANG_WARN_ENUM_CONVERSION = YES;
				CLANG_WARN_INFINITE_RECURSION = YES;
				CLANG_WARN_INT_CONVERSION = YES;
				CLANG_WARN_OBJC_ROOT_CLASS = YES_ERROR;
				CLANG_WARN_SUSPICIOUS_MOVE = YES;
				CLANG_WARN_UNREACHABLE_CODE = YES;
				CLANG_WARN__DUPLICATE_METHOD_MATCH = YES;
				"CODE_SIGN_IDENTITY[sdk=iphoneos*]" = "iPhone Developer";
				COPY_PHASE_STRIP = NO;
				DEBUG_INFORMATION_FORMAT = "dwarf-with-dsym";
				ENABLE_NS_ASSERTIONS = NO;
				ENABLE_STRICT_OBJC_MSGSEND = YES;
				GCC_C_LANGUAGE_STANDARD = gnu99;
				GCC_NO_COMMON_BLOCKS = YES;
				GCC_WARN_64_TO_32_BIT_CONVERSION = YES;
				GCC_WARN_ABOUT_RETURN_TYPE = YES_ERROR;
				GCC_WARN_UNDECLARED_SELECTOR = YES;
				GCC_WARN_UNINITIALIZED_AUTOS = YES_AGGRESSIVE;
				GCC_WARN_UNUSED_FUNCTION = YES;
				GCC_WARN_UNUSED_VARIABLE = YES;
				IPHONEOS_DEPLOYMENT_TARGET = 10.2;
				MTL_ENABLE_DEBUG_INFO = NO;
				SDKROOT = iphoneos;
				SWIFT_OPTIMIZATION_LEVEL = "-Owholemodule";
				TARGETED_DEVICE_FAMILY = "1,2";
				VALIDATE_PRODUCT = YES;
			};
			name = Release;
		};
		4BBEAF361E709091001C5A0B /* Debug */ = {
			isa = XCBuildConfiguration;
			buildSettings = {
				DEVELOPMENT_TEAM = FLM97C8HT8;
				INFOPLIST_FILE = RoundShadowButton/Info.plist;
				LD_RUNPATH_SEARCH_PATHS = "$(inherited) @executable_path/Frameworks";
				PRODUCT_BUNDLE_IDENTIFIER = com.kevinsum.demo.RoundShadowButton;
				PRODUCT_NAME = "$(TARGET_NAME)";
				SWIFT_VERSION = 3.0;
			};
			name = Debug;
		};
		4BBEAF371E709091001C5A0B /* Release */ = {
			isa = XCBuildConfiguration;
			buildSettings = {
				DEVELOPMENT_TEAM = FLM97C8HT8;
				INFOPLIST_FILE = RoundShadowButton/Info.plist;
				LD_RUNPATH_SEARCH_PATHS = "$(inherited) @executable_path/Frameworks";
				PRODUCT_BUNDLE_IDENTIFIER = com.kevinsum.demo.RoundShadowButton;
				PRODUCT_NAME = "$(TARGET_NAME)";
				SWIFT_VERSION = 3.0;
			};
			name = Release;
		};
		4BF7CC111F1327190082946D /* Debug */ = {
			isa = XCBuildConfiguration;
			buildSettings = {
				CLANG_ANALYZER_NUMBER_OBJECT_CONVERSION = YES_AGGRESSIVE;
				DEVELOPMENT_TEAM = L83GZJQVEH;
				INFOPLIST_FILE = AnimateTimer/Info.plist;
				LD_RUNPATH_SEARCH_PATHS = "$(inherited) @executable_path/Frameworks";
				PRODUCT_BUNDLE_IDENTIFIER = com.kevinsum.demo.AnimateTimer;
				PRODUCT_NAME = "$(TARGET_NAME)";
				SWIFT_VERSION = 3.0;
			};
			name = Debug;
		};
		4BF7CC121F1327190082946D /* Release */ = {
			isa = XCBuildConfiguration;
			buildSettings = {
				CLANG_ANALYZER_NUMBER_OBJECT_CONVERSION = YES_AGGRESSIVE;
				DEVELOPMENT_TEAM = L83GZJQVEH;
				INFOPLIST_FILE = AnimateTimer/Info.plist;
				LD_RUNPATH_SEARCH_PATHS = "$(inherited) @executable_path/Frameworks";
				PRODUCT_BUNDLE_IDENTIFIER = com.kevinsum.demo.AnimateTimer;
				PRODUCT_NAME = "$(TARGET_NAME)";
				SWIFT_VERSION = 3.0;
			};
			name = Release;
		};
/* End XCBuildConfiguration section */

/* Begin XCConfigurationList section */
		0A455C6B201577EE006035C3 /* Build configuration list for PBXNativeTarget "SpinClock" */ = {
			isa = XCConfigurationList;
			buildConfigurations = (
				0A455C69201577EE006035C3 /* Debug */,
				0A455C6A201577EE006035C3 /* Release */,
			);
			defaultConfigurationIsVisible = 0;
			defaultConfigurationName = Release;
		};
		4B90A0CB1E7717C700B343BB /* Build configuration list for PBXNativeTarget "CBImage" */ = {
			isa = XCConfigurationList;
			buildConfigurations = (
				4B90A0C91E7717C700B343BB /* Debug */,
				4B90A0CA1E7717C700B343BB /* Release */,
			);
			defaultConfigurationIsVisible = 0;
			defaultConfigurationName = Release;
		};
		4BBEAEDC1E708FAC001C5A0B /* Build configuration list for PBXProject "Demo" */ = {
			isa = XCConfigurationList;
			buildConfigurations = (
				4BBEAEF11E708FAC001C5A0B /* Debug */,
				4BBEAEF21E708FAC001C5A0B /* Release */,
			);
			defaultConfigurationIsVisible = 0;
			defaultConfigurationName = Release;
		};
		4BBEAF351E709091001C5A0B /* Build configuration list for PBXNativeTarget "RoundShadowButton" */ = {
			isa = XCConfigurationList;
			buildConfigurations = (
				4BBEAF361E709091001C5A0B /* Debug */,
				4BBEAF371E709091001C5A0B /* Release */,
			);
			defaultConfigurationIsVisible = 0;
			defaultConfigurationName = Release;
		};
		4BF7CC101F1327190082946D /* Build configuration list for PBXNativeTarget "AnimateTimer" */ = {
			isa = XCConfigurationList;
			buildConfigurations = (
				4BF7CC111F1327190082946D /* Debug */,
				4BF7CC121F1327190082946D /* Release */,
			);
			defaultConfigurationIsVisible = 0;
			defaultConfigurationName = Release;
		};
/* End XCConfigurationList section */
	};
	rootObject = 4BBEAED91E708FAC001C5A0B /* Project object */;
}
